// !$*UTF8*$!
{
	archiveVersion = 1;
	classes = {
	};
	objectVersion = 46;
	objects = {

/* Begin PBXBuildFile section */
		163DD42317DA3E1700AA4C3A /* UIKit.framework in Frameworks */ = {isa = PBXBuildFile; fileRef = 163DD42217DA3E1700AA4C3A /* UIKit.framework */; };
		163DD42517DA3E1700AA4C3A /* Foundation.framework in Frameworks */ = {isa = PBXBuildFile; fileRef = 163DD42417DA3E1700AA4C3A /* Foundation.framework */; };
		163DD42717DA3E1700AA4C3A /* CoreGraphics.framework in Frameworks */ = {isa = PBXBuildFile; fileRef = 163DD42617DA3E1700AA4C3A /* CoreGraphics.framework */; };
		163DD42D17DA3E1700AA4C3A /* InfoPlist.strings in Resources */ = {isa = PBXBuildFile; fileRef = 163DD42B17DA3E1700AA4C3A /* InfoPlist.strings */; };
		163DD42F17DA3E1700AA4C3A /* main.m in Sources */ = {isa = PBXBuildFile; fileRef = 163DD42E17DA3E1700AA4C3A /* main.m */; };
		163DD43317DA3E1700AA4C3A /* AppDelegate.m in Sources */ = {isa = PBXBuildFile; fileRef = 163DD43217DA3E1700AA4C3A /* AppDelegate.m */; };
		163DD43517DA3E1700AA4C3A /* Default.png in Resources */ = {isa = PBXBuildFile; fileRef = 163DD43417DA3E1700AA4C3A /* Default.png */; };
		163DD43717DA3E1700AA4C3A /* Default@2x.png in Resources */ = {isa = PBXBuildFile; fileRef = 163DD43617DA3E1700AA4C3A /* Default@2x.png */; };
		163DD43917DA3E1700AA4C3A /* Default-568h@2x.png in Resources */ = {isa = PBXBuildFile; fileRef = 163DD43817DA3E1700AA4C3A /* Default-568h@2x.png */; };
		163DD43C17DA3E1700AA4C3A /* MainStoryboard.storyboard in Resources */ = {isa = PBXBuildFile; fileRef = 163DD43A17DA3E1700AA4C3A /* MainStoryboard.storyboard */; };
		163DD43F17DA3E1700AA4C3A /* ViewController.mm in Sources */ = {isa = PBXBuildFile; fileRef = 163DD43E17DA3E1700AA4C3A /* ViewController.mm */; };
		163DD44717DA3E1700AA4C3A /* SenTestingKit.framework in Frameworks */ = {isa = PBXBuildFile; fileRef = 163DD44617DA3E1700AA4C3A /* SenTestingKit.framework */; };
		163DD44817DA3E1700AA4C3A /* UIKit.framework in Frameworks */ = {isa = PBXBuildFile; fileRef = 163DD42217DA3E1700AA4C3A /* UIKit.framework */; };
		163DD44917DA3E1700AA4C3A /* Foundation.framework in Frameworks */ = {isa = PBXBuildFile; fileRef = 163DD42417DA3E1700AA4C3A /* Foundation.framework */; };
		163DD45117DA3E1700AA4C3A /* InfoPlist.strings in Resources */ = {isa = PBXBuildFile; fileRef = 163DD44F17DA3E1700AA4C3A /* InfoPlist.strings */; };
		163DD45417DA3E1700AA4C3A /* EECS441P1Tests.m in Sources */ = {isa = PBXBuildFile; fileRef = 163DD45317DA3E1700AA4C3A /* EECS441P1Tests.m */; };
		16A7B50F17DA6D6D0034F02E /* Collabrify.bundle in Resources */ = {isa = PBXBuildFile; fileRef = 16A7B50D17DA6D6D0034F02E /* Collabrify.bundle */; };
		16A7B51017DA6D6D0034F02E /* Collabrify.framework in Frameworks */ = {isa = PBXBuildFile; fileRef = 16A7B50E17DA6D6D0034F02E /* Collabrify.framework */; };
		16A7B56A17DA6DC50034F02E /* descriptor.cc in Sources */ = {isa = PBXBuildFile; fileRef = 16A7B51517DA6DC50034F02E /* descriptor.cc */; };
		16A7B56B17DA6DC50034F02E /* descriptor.pb.cc in Sources */ = {isa = PBXBuildFile; fileRef = 16A7B51717DA6DC50034F02E /* descriptor.pb.cc */; };
		16A7B56C17DA6DC50034F02E /* descriptor_database.cc in Sources */ = {isa = PBXBuildFile; fileRef = 16A7B51917DA6DC50034F02E /* descriptor_database.cc */; };
		16A7B56D17DA6DC50034F02E /* dynamic_message.cc in Sources */ = {isa = PBXBuildFile; fileRef = 16A7B51B17DA6DC50034F02E /* dynamic_message.cc */; };
		16A7B56E17DA6DC50034F02E /* extension_set.cc in Sources */ = {isa = PBXBuildFile; fileRef = 16A7B51D17DA6DC50034F02E /* extension_set.cc */; };
		16A7B56F17DA6DC50034F02E /* extension_set_heavy.cc in Sources */ = {isa = PBXBuildFile; fileRef = 16A7B51F17DA6DC50034F02E /* extension_set_heavy.cc */; };
		16A7B57017DA6DC50034F02E /* generated_message_reflection.cc in Sources */ = {isa = PBXBuildFile; fileRef = 16A7B52117DA6DC50034F02E /* generated_message_reflection.cc */; };
		16A7B57117DA6DC50034F02E /* generated_message_util.cc in Sources */ = {isa = PBXBuildFile; fileRef = 16A7B52317DA6DC50034F02E /* generated_message_util.cc */; };
		16A7B57217DA6DC50034F02E /* coded_stream.cc in Sources */ = {isa = PBXBuildFile; fileRef = 16A7B52617DA6DC50034F02E /* coded_stream.cc */; };
		16A7B57317DA6DC50034F02E /* printer.cc in Sources */ = {isa = PBXBuildFile; fileRef = 16A7B52A17DA6DC50034F02E /* printer.cc */; };
		16A7B57417DA6DC50034F02E /* tokenizer.cc in Sources */ = {isa = PBXBuildFile; fileRef = 16A7B52C17DA6DC50034F02E /* tokenizer.cc */; };
		16A7B57517DA6DC50034F02E /* zero_copy_stream.cc in Sources */ = {isa = PBXBuildFile; fileRef = 16A7B52E17DA6DC50034F02E /* zero_copy_stream.cc */; };
		16A7B57617DA6DC50034F02E /* zero_copy_stream_impl.cc in Sources */ = {isa = PBXBuildFile; fileRef = 16A7B53017DA6DC50034F02E /* zero_copy_stream_impl.cc */; };
		16A7B57717DA6DC50034F02E /* zero_copy_stream_impl_lite.cc in Sources */ = {isa = PBXBuildFile; fileRef = 16A7B53217DA6DC50034F02E /* zero_copy_stream_impl_lite.cc */; };
		16A7B57817DA6DC50034F02E /* message.cc in Sources */ = {isa = PBXBuildFile; fileRef = 16A7B53417DA6DC50034F02E /* message.cc */; };
		16A7B57917DA6DC50034F02E /* message_lite.cc in Sources */ = {isa = PBXBuildFile; fileRef = 16A7B53617DA6DC50034F02E /* message_lite.cc */; };
		16A7B57A17DA6DC50034F02E /* reflection_ops.cc in Sources */ = {isa = PBXBuildFile; fileRef = 16A7B53917DA6DC50034F02E /* reflection_ops.cc */; };
		16A7B57B17DA6DC50034F02E /* repeated_field.cc in Sources */ = {isa = PBXBuildFile; fileRef = 16A7B53B17DA6DC50034F02E /* repeated_field.cc */; };
		16A7B57C17DA6DC50034F02E /* service.cc in Sources */ = {isa = PBXBuildFile; fileRef = 16A7B53D17DA6DC50034F02E /* service.cc */; };
		16A7B57D17DA6DC50034F02E /* atomicops_internals_x86_gcc.cc in Sources */ = {isa = PBXBuildFile; fileRef = 16A7B54717DA6DC50034F02E /* atomicops_internals_x86_gcc.cc */; };
		16A7B57E17DA6DC50034F02E /* atomicops_internals_x86_msvc.cc in Sources */ = {isa = PBXBuildFile; fileRef = 16A7B54917DA6DC50034F02E /* atomicops_internals_x86_msvc.cc */; };
		16A7B57F17DA6DC50034F02E /* common.cc in Sources */ = {isa = PBXBuildFile; fileRef = 16A7B54B17DA6DC50034F02E /* common.cc */; };
		16A7B58017DA6DC50034F02E /* once.cc in Sources */ = {isa = PBXBuildFile; fileRef = 16A7B54F17DA6DC50034F02E /* once.cc */; };
		16A7B58117DA6DC50034F02E /* stringprintf.cc in Sources */ = {isa = PBXBuildFile; fileRef = 16A7B55317DA6DC50034F02E /* stringprintf.cc */; };
		16A7B58217DA6DC50034F02E /* structurally_valid.cc in Sources */ = {isa = PBXBuildFile; fileRef = 16A7B55517DA6DC50034F02E /* structurally_valid.cc */; };
		16A7B58317DA6DC50034F02E /* strutil.cc in Sources */ = {isa = PBXBuildFile; fileRef = 16A7B55617DA6DC50034F02E /* strutil.cc */; };
		16A7B58417DA6DC50034F02E /* substitute.cc in Sources */ = {isa = PBXBuildFile; fileRef = 16A7B55817DA6DC50034F02E /* substitute.cc */; };
		16A7B58517DA6DC50034F02E /* file.cc in Sources */ = {isa = PBXBuildFile; fileRef = 16A7B55D17DA6DC50034F02E /* file.cc */; };
		16A7B58617DA6DC50034F02E /* googletest.cc in Sources */ = {isa = PBXBuildFile; fileRef = 16A7B55F17DA6DC50034F02E /* googletest.cc */; };
		16A7B58717DA6DC50034F02E /* text_format.cc in Sources */ = {isa = PBXBuildFile; fileRef = 16A7B56117DA6DC50034F02E /* text_format.cc */; };
		16A7B58817DA6DC50034F02E /* unknown_field_set.cc in Sources */ = {isa = PBXBuildFile; fileRef = 16A7B56317DA6DC50034F02E /* unknown_field_set.cc */; };
		16A7B58917DA6DC50034F02E /* wire_format.cc in Sources */ = {isa = PBXBuildFile; fileRef = 16A7B56517DA6DC50034F02E /* wire_format.cc */; };
		16A7B58A17DA6DC50034F02E /* wire_format_lite.cc in Sources */ = {isa = PBXBuildFile; fileRef = 16A7B56717DA6DC50034F02E /* wire_format_lite.cc */; };
		16A7B58C17DA6E8E0034F02E /* SystemConfiguration.framework in Frameworks */ = {isa = PBXBuildFile; fileRef = 16A7B58B17DA6E8E0034F02E /* SystemConfiguration.framework */; };
		16A7B58E17DA6E9E0034F02E /* libz.dylib in Frameworks */ = {isa = PBXBuildFile; fileRef = 16A7B58D17DA6E9E0034F02E /* libz.dylib */; };
		16ACAAB017E153E6005D1C19 /* ViewController2.mm in Sources */ = {isa = PBXBuildFile; fileRef = 16ACAAAF17E153E6005D1C19 /* ViewController2.mm */; };
		81A03EA817FBC26600F2EF02 /* EVO.pb.mm in Sources */ = {isa = PBXBuildFile; fileRef = 81A03EA517FBC26600F2EF02 /* EVO.pb.mm */; };
		81A03EA917FBC26600F2EF02 /* EVO.proto in Resources */ = {isa = PBXBuildFile; fileRef = 81A03EA717FBC26600F2EF02 /* EVO.proto */; };
		81D7009E17EEB307008D3C1D /* pbWorker.mm in Sources */ = {isa = PBXBuildFile; fileRef = 81D7009C17EEB307008D3C1D /* pbWorker.mm */; };
/* End PBXBuildFile section */

/* Begin PBXContainerItemProxy section */
		163DD44A17DA3E1700AA4C3A /* PBXContainerItemProxy */ = {
			isa = PBXContainerItemProxy;
			containerPortal = 163DD41717DA3E1700AA4C3A /* Project object */;
			proxyType = 1;
			remoteGlobalIDString = 163DD41E17DA3E1700AA4C3A;
			remoteInfo = EECS441P1;
		};
/* End PBXContainerItemProxy section */

/* Begin PBXFileReference section */
		163DD41F17DA3E1700AA4C3A /* WeWrite.app */ = {isa = PBXFileReference; explicitFileType = wrapper.application; includeInIndex = 0; path = WeWrite.app; sourceTree = BUILT_PRODUCTS_DIR; };
		163DD42217DA3E1700AA4C3A /* UIKit.framework */ = {isa = PBXFileReference; lastKnownFileType = wrapper.framework; name = UIKit.framework; path = System/Library/Frameworks/UIKit.framework; sourceTree = SDKROOT; };
		163DD42417DA3E1700AA4C3A /* Foundation.framework */ = {isa = PBXFileReference; lastKnownFileType = wrapper.framework; name = Foundation.framework; path = System/Library/Frameworks/Foundation.framework; sourceTree = SDKROOT; };
		163DD42617DA3E1700AA4C3A /* CoreGraphics.framework */ = {isa = PBXFileReference; lastKnownFileType = wrapper.framework; name = CoreGraphics.framework; path = System/Library/Frameworks/CoreGraphics.framework; sourceTree = SDKROOT; };
		163DD42A17DA3E1700AA4C3A /* WeWrite-Info.plist */ = {isa = PBXFileReference; lastKnownFileType = text.plist.xml; path = "WeWrite-Info.plist"; sourceTree = "<group>"; };
		163DD42C17DA3E1700AA4C3A /* en */ = {isa = PBXFileReference; lastKnownFileType = text.plist.strings; name = en; path = en.lproj/InfoPlist.strings; sourceTree = "<group>"; };
		163DD42E17DA3E1700AA4C3A /* main.m */ = {isa = PBXFileReference; lastKnownFileType = sourcecode.c.objc; path = main.m; sourceTree = "<group>"; };
		163DD43017DA3E1700AA4C3A /* EECS441P1-Prefix.pch */ = {isa = PBXFileReference; lastKnownFileType = sourcecode.c.h; path = "EECS441P1-Prefix.pch"; sourceTree = "<group>"; };
		163DD43117DA3E1700AA4C3A /* AppDelegate.h */ = {isa = PBXFileReference; lastKnownFileType = sourcecode.c.h; path = AppDelegate.h; sourceTree = "<group>"; };
		163DD43217DA3E1700AA4C3A /* AppDelegate.m */ = {isa = PBXFileReference; lastKnownFileType = sourcecode.c.objc; path = AppDelegate.m; sourceTree = "<group>"; };
		163DD43417DA3E1700AA4C3A /* Default.png */ = {isa = PBXFileReference; lastKnownFileType = image.png; path = Default.png; sourceTree = "<group>"; };
		163DD43617DA3E1700AA4C3A /* Default@2x.png */ = {isa = PBXFileReference; lastKnownFileType = image.png; path = "Default@2x.png"; sourceTree = "<group>"; };
		163DD43817DA3E1700AA4C3A /* Default-568h@2x.png */ = {isa = PBXFileReference; lastKnownFileType = image.png; path = "Default-568h@2x.png"; sourceTree = "<group>"; };
		163DD43B17DA3E1700AA4C3A /* en */ = {isa = PBXFileReference; lastKnownFileType = file.storyboard; name = en; path = en.lproj/MainStoryboard.storyboard; sourceTree = "<group>"; };
		163DD43D17DA3E1700AA4C3A /* ViewController.h */ = {isa = PBXFileReference; lastKnownFileType = sourcecode.c.h; path = ViewController.h; sourceTree = "<group>"; };
		163DD43E17DA3E1700AA4C3A /* ViewController.mm */ = {isa = PBXFileReference; explicitFileType = sourcecode.cpp.objcpp; path = ViewController.mm; sourceTree = "<group>"; };
		163DD44517DA3E1700AA4C3A /* WeWriteTests.octest */ = {isa = PBXFileReference; explicitFileType = wrapper.cfbundle; includeInIndex = 0; path = WeWriteTests.octest; sourceTree = BUILT_PRODUCTS_DIR; };
		163DD44617DA3E1700AA4C3A /* SenTestingKit.framework */ = {isa = PBXFileReference; lastKnownFileType = wrapper.framework; name = SenTestingKit.framework; path = Library/Frameworks/SenTestingKit.framework; sourceTree = DEVELOPER_DIR; };
		163DD44E17DA3E1700AA4C3A /* WeWriteTests-Info.plist */ = {isa = PBXFileReference; lastKnownFileType = text.plist.xml; path = "WeWriteTests-Info.plist"; sourceTree = "<group>"; };
		163DD45017DA3E1700AA4C3A /* en */ = {isa = PBXFileReference; lastKnownFileType = text.plist.strings; name = en; path = en.lproj/InfoPlist.strings; sourceTree = "<group>"; };
		163DD45217DA3E1700AA4C3A /* EECS441P1Tests.h */ = {isa = PBXFileReference; lastKnownFileType = sourcecode.c.h; path = EECS441P1Tests.h; sourceTree = "<group>"; };
		163DD45317DA3E1700AA4C3A /* EECS441P1Tests.m */ = {isa = PBXFileReference; lastKnownFileType = sourcecode.c.objc; path = EECS441P1Tests.m; sourceTree = "<group>"; };
		16A7B50D17DA6D6D0034F02E /* Collabrify.bundle */ = {isa = PBXFileReference; lastKnownFileType = "wrapper.plug-in"; path = Collabrify.bundle; sourceTree = "<group>"; };
		16A7B50E17DA6D6D0034F02E /* Collabrify.framework */ = {isa = PBXFileReference; lastKnownFileType = wrapper.framework; path = Collabrify.framework; sourceTree = "<group>"; };
		16A7B51117DA6DA20034F02E /* config.h */ = {isa = PBXFileReference; fileEncoding = 4; lastKnownFileType = sourcecode.c.h; path = config.h; sourceTree = "<group>"; };
		16A7B51517DA6DC50034F02E /* descriptor.cc */ = {isa = PBXFileReference; fileEncoding = 4; lastKnownFileType = sourcecode.cpp.cpp; path = descriptor.cc; sourceTree = "<group>"; };
		16A7B51617DA6DC50034F02E /* descriptor.h */ = {isa = PBXFileReference; fileEncoding = 4; lastKnownFileType = sourcecode.c.h; path = descriptor.h; sourceTree = "<group>"; };
		16A7B51717DA6DC50034F02E /* descriptor.pb.cc */ = {isa = PBXFileReference; fileEncoding = 4; lastKnownFileType = sourcecode.cpp.cpp; path = descriptor.pb.cc; sourceTree = "<group>"; };
		16A7B51817DA6DC50034F02E /* descriptor.pb.h */ = {isa = PBXFileReference; fileEncoding = 4; lastKnownFileType = sourcecode.c.h; path = descriptor.pb.h; sourceTree = "<group>"; };
		16A7B51917DA6DC50034F02E /* descriptor_database.cc */ = {isa = PBXFileReference; fileEncoding = 4; lastKnownFileType = sourcecode.cpp.cpp; path = descriptor_database.cc; sourceTree = "<group>"; };
		16A7B51A17DA6DC50034F02E /* descriptor_database.h */ = {isa = PBXFileReference; fileEncoding = 4; lastKnownFileType = sourcecode.c.h; path = descriptor_database.h; sourceTree = "<group>"; };
		16A7B51B17DA6DC50034F02E /* dynamic_message.cc */ = {isa = PBXFileReference; fileEncoding = 4; lastKnownFileType = sourcecode.cpp.cpp; path = dynamic_message.cc; sourceTree = "<group>"; };
		16A7B51C17DA6DC50034F02E /* dynamic_message.h */ = {isa = PBXFileReference; fileEncoding = 4; lastKnownFileType = sourcecode.c.h; path = dynamic_message.h; sourceTree = "<group>"; };
		16A7B51D17DA6DC50034F02E /* extension_set.cc */ = {isa = PBXFileReference; fileEncoding = 4; lastKnownFileType = sourcecode.cpp.cpp; path = extension_set.cc; sourceTree = "<group>"; };
		16A7B51E17DA6DC50034F02E /* extension_set.h */ = {isa = PBXFileReference; fileEncoding = 4; lastKnownFileType = sourcecode.c.h; path = extension_set.h; sourceTree = "<group>"; };
		16A7B51F17DA6DC50034F02E /* extension_set_heavy.cc */ = {isa = PBXFileReference; fileEncoding = 4; lastKnownFileType = sourcecode.cpp.cpp; path = extension_set_heavy.cc; sourceTree = "<group>"; };
		16A7B52017DA6DC50034F02E /* generated_enum_reflection.h */ = {isa = PBXFileReference; fileEncoding = 4; lastKnownFileType = sourcecode.c.h; path = generated_enum_reflection.h; sourceTree = "<group>"; };
		16A7B52117DA6DC50034F02E /* generated_message_reflection.cc */ = {isa = PBXFileReference; fileEncoding = 4; lastKnownFileType = sourcecode.cpp.cpp; path = generated_message_reflection.cc; sourceTree = "<group>"; };
		16A7B52217DA6DC50034F02E /* generated_message_reflection.h */ = {isa = PBXFileReference; fileEncoding = 4; lastKnownFileType = sourcecode.c.h; path = generated_message_reflection.h; sourceTree = "<group>"; };
		16A7B52317DA6DC50034F02E /* generated_message_util.cc */ = {isa = PBXFileReference; fileEncoding = 4; lastKnownFileType = sourcecode.cpp.cpp; path = generated_message_util.cc; sourceTree = "<group>"; };
		16A7B52417DA6DC50034F02E /* generated_message_util.h */ = {isa = PBXFileReference; fileEncoding = 4; lastKnownFileType = sourcecode.c.h; path = generated_message_util.h; sourceTree = "<group>"; };
		16A7B52617DA6DC50034F02E /* coded_stream.cc */ = {isa = PBXFileReference; fileEncoding = 4; lastKnownFileType = sourcecode.cpp.cpp; path = coded_stream.cc; sourceTree = "<group>"; };
		16A7B52717DA6DC50034F02E /* coded_stream.h */ = {isa = PBXFileReference; fileEncoding = 4; lastKnownFileType = sourcecode.c.h; path = coded_stream.h; sourceTree = "<group>"; };
		16A7B52817DA6DC50034F02E /* coded_stream_inl.h */ = {isa = PBXFileReference; fileEncoding = 4; lastKnownFileType = sourcecode.c.h; path = coded_stream_inl.h; sourceTree = "<group>"; };
		16A7B52917DA6DC50034F02E /* package_info.h */ = {isa = PBXFileReference; fileEncoding = 4; lastKnownFileType = sourcecode.c.h; path = package_info.h; sourceTree = "<group>"; };
		16A7B52A17DA6DC50034F02E /* printer.cc */ = {isa = PBXFileReference; fileEncoding = 4; lastKnownFileType = sourcecode.cpp.cpp; path = printer.cc; sourceTree = "<group>"; };
		16A7B52B17DA6DC50034F02E /* printer.h */ = {isa = PBXFileReference; fileEncoding = 4; lastKnownFileType = sourcecode.c.h; path = printer.h; sourceTree = "<group>"; };
		16A7B52C17DA6DC50034F02E /* tokenizer.cc */ = {isa = PBXFileReference; fileEncoding = 4; lastKnownFileType = sourcecode.cpp.cpp; path = tokenizer.cc; sourceTree = "<group>"; };
		16A7B52D17DA6DC50034F02E /* tokenizer.h */ = {isa = PBXFileReference; fileEncoding = 4; lastKnownFileType = sourcecode.c.h; path = tokenizer.h; sourceTree = "<group>"; };
		16A7B52E17DA6DC50034F02E /* zero_copy_stream.cc */ = {isa = PBXFileReference; fileEncoding = 4; lastKnownFileType = sourcecode.cpp.cpp; path = zero_copy_stream.cc; sourceTree = "<group>"; };
		16A7B52F17DA6DC50034F02E /* zero_copy_stream.h */ = {isa = PBXFileReference; fileEncoding = 4; lastKnownFileType = sourcecode.c.h; path = zero_copy_stream.h; sourceTree = "<group>"; };
		16A7B53017DA6DC50034F02E /* zero_copy_stream_impl.cc */ = {isa = PBXFileReference; fileEncoding = 4; lastKnownFileType = sourcecode.cpp.cpp; path = zero_copy_stream_impl.cc; sourceTree = "<group>"; };
		16A7B53117DA6DC50034F02E /* zero_copy_stream_impl.h */ = {isa = PBXFileReference; fileEncoding = 4; lastKnownFileType = sourcecode.c.h; path = zero_copy_stream_impl.h; sourceTree = "<group>"; };
		16A7B53217DA6DC50034F02E /* zero_copy_stream_impl_lite.cc */ = {isa = PBXFileReference; fileEncoding = 4; lastKnownFileType = sourcecode.cpp.cpp; path = zero_copy_stream_impl_lite.cc; sourceTree = "<group>"; };
		16A7B53317DA6DC50034F02E /* zero_copy_stream_impl_lite.h */ = {isa = PBXFileReference; fileEncoding = 4; lastKnownFileType = sourcecode.c.h; path = zero_copy_stream_impl_lite.h; sourceTree = "<group>"; };
		16A7B53417DA6DC50034F02E /* message.cc */ = {isa = PBXFileReference; fileEncoding = 4; lastKnownFileType = sourcecode.cpp.cpp; path = message.cc; sourceTree = "<group>"; };
		16A7B53517DA6DC50034F02E /* message.h */ = {isa = PBXFileReference; fileEncoding = 4; lastKnownFileType = sourcecode.c.h; path = message.h; sourceTree = "<group>"; };
		16A7B53617DA6DC50034F02E /* message_lite.cc */ = {isa = PBXFileReference; fileEncoding = 4; lastKnownFileType = sourcecode.cpp.cpp; path = message_lite.cc; sourceTree = "<group>"; };
		16A7B53717DA6DC50034F02E /* message_lite.h */ = {isa = PBXFileReference; fileEncoding = 4; lastKnownFileType = sourcecode.c.h; path = message_lite.h; sourceTree = "<group>"; };
		16A7B53817DA6DC50034F02E /* package_info.h */ = {isa = PBXFileReference; fileEncoding = 4; lastKnownFileType = sourcecode.c.h; path = package_info.h; sourceTree = "<group>"; };
		16A7B53917DA6DC50034F02E /* reflection_ops.cc */ = {isa = PBXFileReference; fileEncoding = 4; lastKnownFileType = sourcecode.cpp.cpp; path = reflection_ops.cc; sourceTree = "<group>"; };
		16A7B53A17DA6DC50034F02E /* reflection_ops.h */ = {isa = PBXFileReference; fileEncoding = 4; lastKnownFileType = sourcecode.c.h; path = reflection_ops.h; sourceTree = "<group>"; };
		16A7B53B17DA6DC50034F02E /* repeated_field.cc */ = {isa = PBXFileReference; fileEncoding = 4; lastKnownFileType = sourcecode.cpp.cpp; path = repeated_field.cc; sourceTree = "<group>"; };
		16A7B53C17DA6DC50034F02E /* repeated_field.h */ = {isa = PBXFileReference; fileEncoding = 4; lastKnownFileType = sourcecode.c.h; path = repeated_field.h; sourceTree = "<group>"; };
		16A7B53D17DA6DC50034F02E /* service.cc */ = {isa = PBXFileReference; fileEncoding = 4; lastKnownFileType = sourcecode.cpp.cpp; path = service.cc; sourceTree = "<group>"; };
		16A7B53E17DA6DC50034F02E /* service.h */ = {isa = PBXFileReference; fileEncoding = 4; lastKnownFileType = sourcecode.c.h; path = service.h; sourceTree = "<group>"; };
		16A7B54017DA6DC50034F02E /* atomicops.h */ = {isa = PBXFileReference; fileEncoding = 4; lastKnownFileType = sourcecode.c.h; path = atomicops.h; sourceTree = "<group>"; };
		16A7B54117DA6DC50034F02E /* atomicops_internals_arm_gcc.h */ = {isa = PBXFileReference; fileEncoding = 4; lastKnownFileType = sourcecode.c.h; path = atomicops_internals_arm_gcc.h; sourceTree = "<group>"; };
		16A7B54217DA6DC50034F02E /* atomicops_internals_arm_qnx.h */ = {isa = PBXFileReference; fileEncoding = 4; lastKnownFileType = sourcecode.c.h; path = atomicops_internals_arm_qnx.h; sourceTree = "<group>"; };
		16A7B54317DA6DC50034F02E /* atomicops_internals_atomicword_compat.h */ = {isa = PBXFileReference; fileEncoding = 4; lastKnownFileType = sourcecode.c.h; path = atomicops_internals_atomicword_compat.h; sourceTree = "<group>"; };
		16A7B54417DA6DC50034F02E /* atomicops_internals_macosx.h */ = {isa = PBXFileReference; fileEncoding = 4; lastKnownFileType = sourcecode.c.h; path = atomicops_internals_macosx.h; sourceTree = "<group>"; };
		16A7B54517DA6DC50034F02E /* atomicops_internals_mips_gcc.h */ = {isa = PBXFileReference; fileEncoding = 4; lastKnownFileType = sourcecode.c.h; path = atomicops_internals_mips_gcc.h; sourceTree = "<group>"; };
		16A7B54617DA6DC50034F02E /* atomicops_internals_pnacl.h */ = {isa = PBXFileReference; fileEncoding = 4; lastKnownFileType = sourcecode.c.h; path = atomicops_internals_pnacl.h; sourceTree = "<group>"; };
		16A7B54717DA6DC50034F02E /* atomicops_internals_x86_gcc.cc */ = {isa = PBXFileReference; fileEncoding = 4; lastKnownFileType = sourcecode.cpp.cpp; path = atomicops_internals_x86_gcc.cc; sourceTree = "<group>"; };
		16A7B54817DA6DC50034F02E /* atomicops_internals_x86_gcc.h */ = {isa = PBXFileReference; fileEncoding = 4; lastKnownFileType = sourcecode.c.h; path = atomicops_internals_x86_gcc.h; sourceTree = "<group>"; };
		16A7B54917DA6DC50034F02E /* atomicops_internals_x86_msvc.cc */ = {isa = PBXFileReference; fileEncoding = 4; lastKnownFileType = sourcecode.cpp.cpp; path = atomicops_internals_x86_msvc.cc; sourceTree = "<group>"; };
		16A7B54A17DA6DC50034F02E /* atomicops_internals_x86_msvc.h */ = {isa = PBXFileReference; fileEncoding = 4; lastKnownFileType = sourcecode.c.h; path = atomicops_internals_x86_msvc.h; sourceTree = "<group>"; };
		16A7B54B17DA6DC50034F02E /* common.cc */ = {isa = PBXFileReference; fileEncoding = 4; lastKnownFileType = sourcecode.cpp.cpp; path = common.cc; sourceTree = "<group>"; };
		16A7B54C17DA6DC50034F02E /* common.h */ = {isa = PBXFileReference; fileEncoding = 4; lastKnownFileType = sourcecode.c.h; path = common.h; sourceTree = "<group>"; };
		16A7B54D17DA6DC50034F02E /* hash.h */ = {isa = PBXFileReference; fileEncoding = 4; lastKnownFileType = sourcecode.c.h; path = hash.h; sourceTree = "<group>"; };
		16A7B54E17DA6DC50034F02E /* map-util.h */ = {isa = PBXFileReference; fileEncoding = 4; lastKnownFileType = sourcecode.c.h; path = "map-util.h"; sourceTree = "<group>"; };
		16A7B54F17DA6DC50034F02E /* once.cc */ = {isa = PBXFileReference; fileEncoding = 4; lastKnownFileType = sourcecode.cpp.cpp; path = once.cc; sourceTree = "<group>"; };
		16A7B55017DA6DC50034F02E /* once.h */ = {isa = PBXFileReference; fileEncoding = 4; lastKnownFileType = sourcecode.c.h; path = once.h; sourceTree = "<group>"; };
		16A7B55117DA6DC50034F02E /* platform_macros.h */ = {isa = PBXFileReference; fileEncoding = 4; lastKnownFileType = sourcecode.c.h; path = platform_macros.h; sourceTree = "<group>"; };
		16A7B55217DA6DC50034F02E /* stl_util.h */ = {isa = PBXFileReference; fileEncoding = 4; lastKnownFileType = sourcecode.c.h; path = stl_util.h; sourceTree = "<group>"; };
		16A7B55317DA6DC50034F02E /* stringprintf.cc */ = {isa = PBXFileReference; fileEncoding = 4; lastKnownFileType = sourcecode.cpp.cpp; path = stringprintf.cc; sourceTree = "<group>"; };
		16A7B55417DA6DC50034F02E /* stringprintf.h */ = {isa = PBXFileReference; fileEncoding = 4; lastKnownFileType = sourcecode.c.h; path = stringprintf.h; sourceTree = "<group>"; };
		16A7B55517DA6DC50034F02E /* structurally_valid.cc */ = {isa = PBXFileReference; fileEncoding = 4; lastKnownFileType = sourcecode.cpp.cpp; path = structurally_valid.cc; sourceTree = "<group>"; };
		16A7B55617DA6DC50034F02E /* strutil.cc */ = {isa = PBXFileReference; fileEncoding = 4; lastKnownFileType = sourcecode.cpp.cpp; path = strutil.cc; sourceTree = "<group>"; };
		16A7B55717DA6DC50034F02E /* strutil.h */ = {isa = PBXFileReference; fileEncoding = 4; lastKnownFileType = sourcecode.c.h; path = strutil.h; sourceTree = "<group>"; };
		16A7B55817DA6DC50034F02E /* substitute.cc */ = {isa = PBXFileReference; fileEncoding = 4; lastKnownFileType = sourcecode.cpp.cpp; path = substitute.cc; sourceTree = "<group>"; };
		16A7B55917DA6DC50034F02E /* substitute.h */ = {isa = PBXFileReference; fileEncoding = 4; lastKnownFileType = sourcecode.c.h; path = substitute.h; sourceTree = "<group>"; };
		16A7B55A17DA6DC50034F02E /* template_util.h */ = {isa = PBXFileReference; fileEncoding = 4; lastKnownFileType = sourcecode.c.h; path = template_util.h; sourceTree = "<group>"; };
		16A7B55B17DA6DC50034F02E /* type_traits.h */ = {isa = PBXFileReference; fileEncoding = 4; lastKnownFileType = sourcecode.c.h; path = type_traits.h; sourceTree = "<group>"; };
		16A7B55D17DA6DC50034F02E /* file.cc */ = {isa = PBXFileReference; fileEncoding = 4; lastKnownFileType = sourcecode.cpp.cpp; path = file.cc; sourceTree = "<group>"; };
		16A7B55E17DA6DC50034F02E /* file.h */ = {isa = PBXFileReference; fileEncoding = 4; lastKnownFileType = sourcecode.c.h; path = file.h; sourceTree = "<group>"; };
		16A7B55F17DA6DC50034F02E /* googletest.cc */ = {isa = PBXFileReference; fileEncoding = 4; lastKnownFileType = sourcecode.cpp.cpp; path = googletest.cc; sourceTree = "<group>"; };
		16A7B56017DA6DC50034F02E /* googletest.h */ = {isa = PBXFileReference; fileEncoding = 4; lastKnownFileType = sourcecode.c.h; path = googletest.h; sourceTree = "<group>"; };
		16A7B56117DA6DC50034F02E /* text_format.cc */ = {isa = PBXFileReference; fileEncoding = 4; lastKnownFileType = sourcecode.cpp.cpp; path = text_format.cc; sourceTree = "<group>"; };
		16A7B56217DA6DC50034F02E /* text_format.h */ = {isa = PBXFileReference; fileEncoding = 4; lastKnownFileType = sourcecode.c.h; path = text_format.h; sourceTree = "<group>"; };
		16A7B56317DA6DC50034F02E /* unknown_field_set.cc */ = {isa = PBXFileReference; fileEncoding = 4; lastKnownFileType = sourcecode.cpp.cpp; path = unknown_field_set.cc; sourceTree = "<group>"; };
		16A7B56417DA6DC50034F02E /* unknown_field_set.h */ = {isa = PBXFileReference; fileEncoding = 4; lastKnownFileType = sourcecode.c.h; path = unknown_field_set.h; sourceTree = "<group>"; };
		16A7B56517DA6DC50034F02E /* wire_format.cc */ = {isa = PBXFileReference; fileEncoding = 4; lastKnownFileType = sourcecode.cpp.cpp; path = wire_format.cc; sourceTree = "<group>"; };
		16A7B56617DA6DC50034F02E /* wire_format.h */ = {isa = PBXFileReference; fileEncoding = 4; lastKnownFileType = sourcecode.c.h; path = wire_format.h; sourceTree = "<group>"; };
		16A7B56717DA6DC50034F02E /* wire_format_lite.cc */ = {isa = PBXFileReference; fileEncoding = 4; lastKnownFileType = sourcecode.cpp.cpp; path = wire_format_lite.cc; sourceTree = "<group>"; };
		16A7B56817DA6DC50034F02E /* wire_format_lite.h */ = {isa = PBXFileReference; fileEncoding = 4; lastKnownFileType = sourcecode.c.h; path = wire_format_lite.h; sourceTree = "<group>"; };
		16A7B56917DA6DC50034F02E /* wire_format_lite_inl.h */ = {isa = PBXFileReference; fileEncoding = 4; lastKnownFileType = sourcecode.c.h; path = wire_format_lite_inl.h; sourceTree = "<group>"; };
		16A7B58B17DA6E8E0034F02E /* SystemConfiguration.framework */ = {isa = PBXFileReference; lastKnownFileType = wrapper.framework; name = SystemConfiguration.framework; path = System/Library/Frameworks/SystemConfiguration.framework; sourceTree = SDKROOT; };
		16A7B58D17DA6E9E0034F02E /* libz.dylib */ = {isa = PBXFileReference; lastKnownFileType = "compiled.mach-o.dylib"; name = libz.dylib; path = usr/lib/libz.dylib; sourceTree = SDKROOT; };
		16ACAAAE17E153E6005D1C19 /* ViewController2.h */ = {isa = PBXFileReference; fileEncoding = 4; lastKnownFileType = sourcecode.c.h; name = ViewController2.h; path = ../ViewController2.h; sourceTree = "<group>"; };
		16ACAAAF17E153E6005D1C19 /* ViewController2.mm */ = {isa = PBXFileReference; explicitFileType = sourcecode.cpp.objcpp; fileEncoding = 4; name = ViewController2.mm; path = ../ViewController2.mm; sourceTree = "<group>"; };
		81A03EA517FBC26600F2EF02 /* EVO.pb.mm */ = {isa = PBXFileReference; explicitFileType = sourcecode.cpp.objcpp; fileEncoding = 4; path = EVO.pb.mm; sourceTree = "<group>"; };
		81A03EA617FBC26600F2EF02 /* EVO.pb.h */ = {isa = PBXFileReference; fileEncoding = 4; lastKnownFileType = sourcecode.c.h; path = EVO.pb.h; sourceTree = "<group>"; };
		81A03EA717FBC26600F2EF02 /* EVO.proto */ = {isa = PBXFileReference; fileEncoding = 4; lastKnownFileType = text; path = EVO.proto; sourceTree = "<group>"; };
		81D7009C17EEB307008D3C1D /* pbWorker.mm */ = {isa = PBXFileReference; fileEncoding = 4; lastKnownFileType = sourcecode.cpp.objcpp; path = pbWorker.mm; sourceTree = "<group>"; };
		81D7009D17EEB307008D3C1D /* pbWorker.h */ = {isa = PBXFileReference; fileEncoding = 4; lastKnownFileType = sourcecode.c.h; path = pbWorker.h; sourceTree = "<group>"; };
/* End PBXFileReference section */

/* Begin PBXFrameworksBuildPhase section */
		163DD41C17DA3E1700AA4C3A /* Frameworks */ = {
			isa = PBXFrameworksBuildPhase;
			buildActionMask = 2147483647;
			files = (
				16A7B58E17DA6E9E0034F02E /* libz.dylib in Frameworks */,
				16A7B58C17DA6E8E0034F02E /* SystemConfiguration.framework in Frameworks */,
				163DD42317DA3E1700AA4C3A /* UIKit.framework in Frameworks */,
				163DD42517DA3E1700AA4C3A /* Foundation.framework in Frameworks */,
				163DD42717DA3E1700AA4C3A /* CoreGraphics.framework in Frameworks */,
				16A7B51017DA6D6D0034F02E /* Collabrify.framework in Frameworks */,
			);
			runOnlyForDeploymentPostprocessing = 0;
		};
		163DD44117DA3E1700AA4C3A /* Frameworks */ = {
			isa = PBXFrameworksBuildPhase;
			buildActionMask = 2147483647;
			files = (
				163DD44717DA3E1700AA4C3A /* SenTestingKit.framework in Frameworks */,
				163DD44817DA3E1700AA4C3A /* UIKit.framework in Frameworks */,
				163DD44917DA3E1700AA4C3A /* Foundation.framework in Frameworks */,
			);
			runOnlyForDeploymentPostprocessing = 0;
		};
/* End PBXFrameworksBuildPhase section */

/* Begin PBXGroup section */
		163DD41617DA3E1700AA4C3A = {
			isa = PBXGroup;
			children = (
				81D7009C17EEB307008D3C1D /* pbWorker.mm */,
				81D7009D17EEB307008D3C1D /* pbWorker.h */,
				16A7B58D17DA6E9E0034F02E /* libz.dylib */,
				16A7B51317DA6DC50034F02E /* google */,
				16A7B58B17DA6E8E0034F02E /* SystemConfiguration.framework */,
				16A7B51117DA6DA20034F02E /* config.h */,
				16A7B50D17DA6D6D0034F02E /* Collabrify.bundle */,
				16A7B50E17DA6D6D0034F02E /* Collabrify.framework */,
				163DD42817DA3E1700AA4C3A /* EECS441P1 */,
				163DD44C17DA3E1700AA4C3A /* EECS441P1Tests */,
				163DD42117DA3E1700AA4C3A /* Frameworks */,
				163DD42017DA3E1700AA4C3A /* Products */,
			);
			sourceTree = "<group>";
		};
		163DD42017DA3E1700AA4C3A /* Products */ = {
			isa = PBXGroup;
			children = (
				163DD41F17DA3E1700AA4C3A /* WeWrite.app */,
				163DD44517DA3E1700AA4C3A /* WeWriteTests.octest */,
			);
			name = Products;
			sourceTree = "<group>";
		};
		163DD42117DA3E1700AA4C3A /* Frameworks */ = {
			isa = PBXGroup;
			children = (
				163DD42217DA3E1700AA4C3A /* UIKit.framework */,
				163DD42417DA3E1700AA4C3A /* Foundation.framework */,
				163DD42617DA3E1700AA4C3A /* CoreGraphics.framework */,
				163DD44617DA3E1700AA4C3A /* SenTestingKit.framework */,
			);
			name = Frameworks;
			sourceTree = "<group>";
		};
		163DD42817DA3E1700AA4C3A /* EECS441P1 */ = {
			isa = PBXGroup;
			children = (
				81A03EA517FBC26600F2EF02 /* EVO.pb.mm */,
				81A03EA617FBC26600F2EF02 /* EVO.pb.h */,
				81A03EA717FBC26600F2EF02 /* EVO.proto */,
				16ACAAAE17E153E6005D1C19 /* ViewController2.h */,
				16ACAAAF17E153E6005D1C19 /* ViewController2.mm */,
				163DD43117DA3E1700AA4C3A /* AppDelegate.h */,
				163DD43217DA3E1700AA4C3A /* AppDelegate.m */,
				163DD43A17DA3E1700AA4C3A /* MainStoryboard.storyboard */,
				163DD43D17DA3E1700AA4C3A /* ViewController.h */,
				163DD43E17DA3E1700AA4C3A /* ViewController.mm */,
				163DD42917DA3E1700AA4C3A /* Supporting Files */,
			);
			path = EECS441P1;
			sourceTree = "<group>";
		};
		163DD42917DA3E1700AA4C3A /* Supporting Files */ = {
			isa = PBXGroup;
			children = (
				163DD44D17DA3E1700AA4C3A /* Supporting Files */,
				163DD42A17DA3E1700AA4C3A /* WeWrite-Info.plist */,
				163DD42B17DA3E1700AA4C3A /* InfoPlist.strings */,
				163DD42E17DA3E1700AA4C3A /* main.m */,
				163DD43017DA3E1700AA4C3A /* EECS441P1-Prefix.pch */,
				163DD43417DA3E1700AA4C3A /* Default.png */,
				163DD43617DA3E1700AA4C3A /* Default@2x.png */,
				163DD43817DA3E1700AA4C3A /* Default-568h@2x.png */,
			);
			name = "Supporting Files";
			sourceTree = "<group>";
		};
		163DD44C17DA3E1700AA4C3A /* EECS441P1Tests */ = {
			isa = PBXGroup;
			children = (
				163DD45217DA3E1700AA4C3A /* EECS441P1Tests.h */,
				163DD45317DA3E1700AA4C3A /* EECS441P1Tests.m */,
			);
			path = EECS441P1Tests;
			sourceTree = "<group>";
		};
		163DD44D17DA3E1700AA4C3A /* Supporting Files */ = {
			isa = PBXGroup;
			children = (
				163DD44E17DA3E1700AA4C3A /* WeWriteTests-Info.plist */,
				163DD44F17DA3E1700AA4C3A /* InfoPlist.strings */,
			);
			name = "Supporting Files";
			path = EECS441P1Tests;
			sourceTree = SOURCE_ROOT;
		};
		16A7B51317DA6DC50034F02E /* google */ = {
			isa = PBXGroup;
			children = (
				16A7B51417DA6DC50034F02E /* protobuf */,
			);
			name = google;
			path = "Google Protocol Buffers/google";
			sourceTree = "<group>";
		};
		16A7B51417DA6DC50034F02E /* protobuf */ = {
			isa = PBXGroup;
			children = (
				16A7B51517DA6DC50034F02E /* descriptor.cc */,
				16A7B51617DA6DC50034F02E /* descriptor.h */,
				16A7B51717DA6DC50034F02E /* descriptor.pb.cc */,
				16A7B51817DA6DC50034F02E /* descriptor.pb.h */,
				16A7B51917DA6DC50034F02E /* descriptor_database.cc */,
				16A7B51A17DA6DC50034F02E /* descriptor_database.h */,
				16A7B51B17DA6DC50034F02E /* dynamic_message.cc */,
				16A7B51C17DA6DC50034F02E /* dynamic_message.h */,
				16A7B51D17DA6DC50034F02E /* extension_set.cc */,
				16A7B51E17DA6DC50034F02E /* extension_set.h */,
				16A7B51F17DA6DC50034F02E /* extension_set_heavy.cc */,
				16A7B52017DA6DC50034F02E /* generated_enum_reflection.h */,
				16A7B52117DA6DC50034F02E /* generated_message_reflection.cc */,
				16A7B52217DA6DC50034F02E /* generated_message_reflection.h */,
				16A7B52317DA6DC50034F02E /* generated_message_util.cc */,
				16A7B52417DA6DC50034F02E /* generated_message_util.h */,
				16A7B52517DA6DC50034F02E /* io */,
				16A7B53417DA6DC50034F02E /* message.cc */,
				16A7B53517DA6DC50034F02E /* message.h */,
				16A7B53617DA6DC50034F02E /* message_lite.cc */,
				16A7B53717DA6DC50034F02E /* message_lite.h */,
				16A7B53817DA6DC50034F02E /* package_info.h */,
				16A7B53917DA6DC50034F02E /* reflection_ops.cc */,
				16A7B53A17DA6DC50034F02E /* reflection_ops.h */,
				16A7B53B17DA6DC50034F02E /* repeated_field.cc */,
				16A7B53C17DA6DC50034F02E /* repeated_field.h */,
				16A7B53D17DA6DC50034F02E /* service.cc */,
				16A7B53E17DA6DC50034F02E /* service.h */,
				16A7B53F17DA6DC50034F02E /* stubs */,
				16A7B55C17DA6DC50034F02E /* testing */,
				16A7B56117DA6DC50034F02E /* text_format.cc */,
				16A7B56217DA6DC50034F02E /* text_format.h */,
				16A7B56317DA6DC50034F02E /* unknown_field_set.cc */,
				16A7B56417DA6DC50034F02E /* unknown_field_set.h */,
				16A7B56517DA6DC50034F02E /* wire_format.cc */,
				16A7B56617DA6DC50034F02E /* wire_format.h */,
				16A7B56717DA6DC50034F02E /* wire_format_lite.cc */,
				16A7B56817DA6DC50034F02E /* wire_format_lite.h */,
				16A7B56917DA6DC50034F02E /* wire_format_lite_inl.h */,
			);
			path = protobuf;
			sourceTree = "<group>";
		};
		16A7B52517DA6DC50034F02E /* io */ = {
			isa = PBXGroup;
			children = (
				16A7B52617DA6DC50034F02E /* coded_stream.cc */,
				16A7B52717DA6DC50034F02E /* coded_stream.h */,
				16A7B52817DA6DC50034F02E /* coded_stream_inl.h */,
				16A7B52917DA6DC50034F02E /* package_info.h */,
				16A7B52A17DA6DC50034F02E /* printer.cc */,
				16A7B52B17DA6DC50034F02E /* printer.h */,
				16A7B52C17DA6DC50034F02E /* tokenizer.cc */,
				16A7B52D17DA6DC50034F02E /* tokenizer.h */,
				16A7B52E17DA6DC50034F02E /* zero_copy_stream.cc */,
				16A7B52F17DA6DC50034F02E /* zero_copy_stream.h */,
				16A7B53017DA6DC50034F02E /* zero_copy_stream_impl.cc */,
				16A7B53117DA6DC50034F02E /* zero_copy_stream_impl.h */,
				16A7B53217DA6DC50034F02E /* zero_copy_stream_impl_lite.cc */,
				16A7B53317DA6DC50034F02E /* zero_copy_stream_impl_lite.h */,
			);
			path = io;
			sourceTree = "<group>";
		};
		16A7B53F17DA6DC50034F02E /* stubs */ = {
			isa = PBXGroup;
			children = (
				16A7B54017DA6DC50034F02E /* atomicops.h */,
				16A7B54117DA6DC50034F02E /* atomicops_internals_arm_gcc.h */,
				16A7B54217DA6DC50034F02E /* atomicops_internals_arm_qnx.h */,
				16A7B54317DA6DC50034F02E /* atomicops_internals_atomicword_compat.h */,
				16A7B54417DA6DC50034F02E /* atomicops_internals_macosx.h */,
				16A7B54517DA6DC50034F02E /* atomicops_internals_mips_gcc.h */,
				16A7B54617DA6DC50034F02E /* atomicops_internals_pnacl.h */,
				16A7B54717DA6DC50034F02E /* atomicops_internals_x86_gcc.cc */,
				16A7B54817DA6DC50034F02E /* atomicops_internals_x86_gcc.h */,
				16A7B54917DA6DC50034F02E /* atomicops_internals_x86_msvc.cc */,
				16A7B54A17DA6DC50034F02E /* atomicops_internals_x86_msvc.h */,
				16A7B54B17DA6DC50034F02E /* common.cc */,
				16A7B54C17DA6DC50034F02E /* common.h */,
				16A7B54D17DA6DC50034F02E /* hash.h */,
				16A7B54E17DA6DC50034F02E /* map-util.h */,
				16A7B54F17DA6DC50034F02E /* once.cc */,
				16A7B55017DA6DC50034F02E /* once.h */,
				16A7B55117DA6DC50034F02E /* platform_macros.h */,
				16A7B55217DA6DC50034F02E /* stl_util.h */,
				16A7B55317DA6DC50034F02E /* stringprintf.cc */,
				16A7B55417DA6DC50034F02E /* stringprintf.h */,
				16A7B55517DA6DC50034F02E /* structurally_valid.cc */,
				16A7B55617DA6DC50034F02E /* strutil.cc */,
				16A7B55717DA6DC50034F02E /* strutil.h */,
				16A7B55817DA6DC50034F02E /* substitute.cc */,
				16A7B55917DA6DC50034F02E /* substitute.h */,
				16A7B55A17DA6DC50034F02E /* template_util.h */,
				16A7B55B17DA6DC50034F02E /* type_traits.h */,
			);
			path = stubs;
			sourceTree = "<group>";
		};
		16A7B55C17DA6DC50034F02E /* testing */ = {
			isa = PBXGroup;
			children = (
				16A7B55D17DA6DC50034F02E /* file.cc */,
				16A7B55E17DA6DC50034F02E /* file.h */,
				16A7B55F17DA6DC50034F02E /* googletest.cc */,
				16A7B56017DA6DC50034F02E /* googletest.h */,
			);
			path = testing;
			sourceTree = "<group>";
		};
/* End PBXGroup section */

/* Begin PBXNativeTarget section */
		163DD41E17DA3E1700AA4C3A /* WeWrite */ = {
			isa = PBXNativeTarget;
			buildConfigurationList = 163DD45717DA3E1700AA4C3A /* Build configuration list for PBXNativeTarget "WeWrite" */;
			buildPhases = (
				163DD41B17DA3E1700AA4C3A /* Sources */,
				163DD41C17DA3E1700AA4C3A /* Frameworks */,
				163DD41D17DA3E1700AA4C3A /* Resources */,
			);
			buildRules = (
			);
			dependencies = (
			);
			name = WeWrite;
			productName = EECS441P1;
			productReference = 163DD41F17DA3E1700AA4C3A /* WeWrite.app */;
			productType = "com.apple.product-type.application";
		};
		163DD44417DA3E1700AA4C3A /* WeWriteTests */ = {
			isa = PBXNativeTarget;
			buildConfigurationList = 163DD45A17DA3E1700AA4C3A /* Build configuration list for PBXNativeTarget "WeWriteTests" */;
			buildPhases = (
				163DD44017DA3E1700AA4C3A /* Sources */,
				163DD44117DA3E1700AA4C3A /* Frameworks */,
				163DD44217DA3E1700AA4C3A /* Resources */,
				163DD44317DA3E1700AA4C3A /* ShellScript */,
			);
			buildRules = (
			);
			dependencies = (
				163DD44B17DA3E1700AA4C3A /* PBXTargetDependency */,
			);
			name = WeWriteTests;
			productName = EECS441P1Tests;
			productReference = 163DD44517DA3E1700AA4C3A /* WeWriteTests.octest */;
			productType = "com.apple.product-type.bundle";
		};
/* End PBXNativeTarget section */

/* Begin PBXProject section */
		163DD41717DA3E1700AA4C3A /* Project object */ = {
			isa = PBXProject;
			attributes = {
				LastUpgradeCheck = 0460;
				ORGANIZATIONNAME = "Jacob Howcroft";
			};
			buildConfigurationList = 163DD41A17DA3E1700AA4C3A /* Build configuration list for PBXProject "WeWrite" */;
			compatibilityVersion = "Xcode 3.2";
			developmentRegion = English;
			hasScannedForEncodings = 0;
			knownRegions = (
				en,
			);
			mainGroup = 163DD41617DA3E1700AA4C3A;
			productRefGroup = 163DD42017DA3E1700AA4C3A /* Products */;
			projectDirPath = "";
			projectRoot = "";
			targets = (
				163DD41E17DA3E1700AA4C3A /* WeWrite */,
				163DD44417DA3E1700AA4C3A /* WeWriteTests */,
			);
		};
/* End PBXProject section */

/* Begin PBXResourcesBuildPhase section */
		163DD41D17DA3E1700AA4C3A /* Resources */ = {
			isa = PBXResourcesBuildPhase;
			buildActionMask = 2147483647;
			files = (
				163DD42D17DA3E1700AA4C3A /* InfoPlist.strings in Resources */,
				163DD43517DA3E1700AA4C3A /* Default.png in Resources */,
				163DD43717DA3E1700AA4C3A /* Default@2x.png in Resources */,
				163DD43917DA3E1700AA4C3A /* Default-568h@2x.png in Resources */,
				81A03EA917FBC26600F2EF02 /* EVO.proto in Resources */,
				163DD43C17DA3E1700AA4C3A /* MainStoryboard.storyboard in Resources */,
				16A7B50F17DA6D6D0034F02E /* Collabrify.bundle in Resources */,
			);
			runOnlyForDeploymentPostprocessing = 0;
		};
		163DD44217DA3E1700AA4C3A /* Resources */ = {
			isa = PBXResourcesBuildPhase;
			buildActionMask = 2147483647;
			files = (
				163DD45117DA3E1700AA4C3A /* InfoPlist.strings in Resources */,
			);
			runOnlyForDeploymentPostprocessing = 0;
		};
/* End PBXResourcesBuildPhase section */

/* Begin PBXShellScriptBuildPhase section */
		163DD44317DA3E1700AA4C3A /* ShellScript */ = {
			isa = PBXShellScriptBuildPhase;
			buildActionMask = 2147483647;
			files = (
			);
			inputPaths = (
			);
			outputPaths = (
			);
			runOnlyForDeploymentPostprocessing = 0;
			shellPath = /bin/sh;
			shellScript = "# Run the unit tests in this test bundle.\n\"${SYSTEM_DEVELOPER_DIR}/Tools/RunUnitTests\"\n";
		};
/* End PBXShellScriptBuildPhase section */

/* Begin PBXSourcesBuildPhase section */
		163DD41B17DA3E1700AA4C3A /* Sources */ = {
			isa = PBXSourcesBuildPhase;
			buildActionMask = 2147483647;
			files = (
				163DD42F17DA3E1700AA4C3A /* main.m in Sources */,
				163DD43317DA3E1700AA4C3A /* AppDelegate.m in Sources */,
				81A03EA817FBC26600F2EF02 /* EVO.pb.mm in Sources */,
				163DD43F17DA3E1700AA4C3A /* ViewController.mm in Sources */,
				81D7009E17EEB307008D3C1D /* pbWorker.mm in Sources */,
				16ACAAB017E153E6005D1C19 /* ViewController2.mm in Sources */,
			);
			runOnlyForDeploymentPostprocessing = 0;
		};
		163DD44017DA3E1700AA4C3A /* Sources */ = {
			isa = PBXSourcesBuildPhase;
			buildActionMask = 2147483647;
			files = (
				163DD45417DA3E1700AA4C3A /* EECS441P1Tests.m in Sources */,
				16A7B56A17DA6DC50034F02E /* descriptor.cc in Sources */,
				16A7B56B17DA6DC50034F02E /* descriptor.pb.cc in Sources */,
				16A7B56C17DA6DC50034F02E /* descriptor_database.cc in Sources */,
				16A7B56D17DA6DC50034F02E /* dynamic_message.cc in Sources */,
				16A7B56E17DA6DC50034F02E /* extension_set.cc in Sources */,
				16A7B56F17DA6DC50034F02E /* extension_set_heavy.cc in Sources */,
				16A7B57017DA6DC50034F02E /* generated_message_reflection.cc in Sources */,
				16A7B57117DA6DC50034F02E /* generated_message_util.cc in Sources */,
				16A7B57217DA6DC50034F02E /* coded_stream.cc in Sources */,
				16A7B57317DA6DC50034F02E /* printer.cc in Sources */,
				16A7B57417DA6DC50034F02E /* tokenizer.cc in Sources */,
				16A7B57517DA6DC50034F02E /* zero_copy_stream.cc in Sources */,
				16A7B57617DA6DC50034F02E /* zero_copy_stream_impl.cc in Sources */,
				16A7B57717DA6DC50034F02E /* zero_copy_stream_impl_lite.cc in Sources */,
				16A7B57817DA6DC50034F02E /* message.cc in Sources */,
				16A7B57917DA6DC50034F02E /* message_lite.cc in Sources */,
				16A7B57A17DA6DC50034F02E /* reflection_ops.cc in Sources */,
				16A7B57B17DA6DC50034F02E /* repeated_field.cc in Sources */,
				16A7B57C17DA6DC50034F02E /* service.cc in Sources */,
				16A7B57D17DA6DC50034F02E /* atomicops_internals_x86_gcc.cc in Sources */,
				16A7B57E17DA6DC50034F02E /* atomicops_internals_x86_msvc.cc in Sources */,
				16A7B57F17DA6DC50034F02E /* common.cc in Sources */,
				16A7B58017DA6DC50034F02E /* once.cc in Sources */,
				16A7B58117DA6DC50034F02E /* stringprintf.cc in Sources */,
				16A7B58217DA6DC50034F02E /* structurally_valid.cc in Sources */,
				16A7B58317DA6DC50034F02E /* strutil.cc in Sources */,
				16A7B58417DA6DC50034F02E /* substitute.cc in Sources */,
				16A7B58517DA6DC50034F02E /* file.cc in Sources */,
				16A7B58617DA6DC50034F02E /* googletest.cc in Sources */,
				16A7B58717DA6DC50034F02E /* text_format.cc in Sources */,
				16A7B58817DA6DC50034F02E /* unknown_field_set.cc in Sources */,
				16A7B58917DA6DC50034F02E /* wire_format.cc in Sources */,
				16A7B58A17DA6DC50034F02E /* wire_format_lite.cc in Sources */,
			);
			runOnlyForDeploymentPostprocessing = 0;
		};
/* End PBXSourcesBuildPhase section */

/* Begin PBXTargetDependency section */
		163DD44B17DA3E1700AA4C3A /* PBXTargetDependency */ = {
			isa = PBXTargetDependency;
			target = 163DD41E17DA3E1700AA4C3A /* WeWrite */;
			targetProxy = 163DD44A17DA3E1700AA4C3A /* PBXContainerItemProxy */;
		};
/* End PBXTargetDependency section */

/* Begin PBXVariantGroup section */
		163DD42B17DA3E1700AA4C3A /* InfoPlist.strings */ = {
			isa = PBXVariantGroup;
			children = (
				163DD42C17DA3E1700AA4C3A /* en */,
			);
			name = InfoPlist.strings;
			sourceTree = "<group>";
		};
		163DD43A17DA3E1700AA4C3A /* MainStoryboard.storyboard */ = {
			isa = PBXVariantGroup;
			children = (
				163DD43B17DA3E1700AA4C3A /* en */,
			);
			name = MainStoryboard.storyboard;
			sourceTree = "<group>";
		};
		163DD44F17DA3E1700AA4C3A /* InfoPlist.strings */ = {
			isa = PBXVariantGroup;
			children = (
				163DD45017DA3E1700AA4C3A /* en */,
			);
			name = InfoPlist.strings;
			sourceTree = "<group>";
		};
/* End PBXVariantGroup section */

/* Begin XCBuildConfiguration section */
		163DD45517DA3E1700AA4C3A /* Debug */ = {
			isa = XCBuildConfiguration;
			buildSettings = {
				ALWAYS_SEARCH_USER_PATHS = NO;
				CLANG_CXX_LANGUAGE_STANDARD = "gnu++0x";
				CLANG_CXX_LIBRARY = "libc++";
				CLANG_ENABLE_OBJC_ARC = YES;
				CLANG_WARN_CONSTANT_CONVERSION = YES;
				CLANG_WARN_EMPTY_BODY = YES;
				CLANG_WARN_ENUM_CONVERSION = YES;
				CLANG_WARN_INT_CONVERSION = YES;
				CLANG_WARN__DUPLICATE_METHOD_MATCH = YES;
				"CODE_SIGN_IDENTITY[sdk=iphoneos*]" = "iPhone Developer";
				COPY_PHASE_STRIP = NO;
				GCC_C_LANGUAGE_STANDARD = gnu99;
				GCC_DYNAMIC_NO_PIC = NO;
				GCC_OPTIMIZATION_LEVEL = 0;
				GCC_PREPROCESSOR_DEFINITIONS = (
					"DEBUG=1",
					"$(inherited)",
				);
				GCC_SYMBOLS_PRIVATE_EXTERN = NO;
				GCC_WARN_ABOUT_RETURN_TYPE = YES;
				GCC_WARN_UNINITIALIZED_AUTOS = YES;
				GCC_WARN_UNUSED_VARIABLE = YES;
				HEADER_SEARCH_PATHS = "\"$(SRCROOT)/Google Protocol Buffers\"";
				IPHONEOS_DEPLOYMENT_TARGET = 7.0;
				ONLY_ACTIVE_ARCH = YES;
				SDKROOT = iphoneos;
			};
			name = Debug;
		};
		163DD45617DA3E1700AA4C3A /* Release */ = {
			isa = XCBuildConfiguration;
			buildSettings = {
				ALWAYS_SEARCH_USER_PATHS = NO;
				CLANG_CXX_LANGUAGE_STANDARD = "gnu++0x";
				CLANG_CXX_LIBRARY = "libc++";
				CLANG_ENABLE_OBJC_ARC = YES;
				CLANG_WARN_CONSTANT_CONVERSION = YES;
				CLANG_WARN_EMPTY_BODY = YES;
				CLANG_WARN_ENUM_CONVERSION = YES;
				CLANG_WARN_INT_CONVERSION = YES;
				CLANG_WARN__DUPLICATE_METHOD_MATCH = YES;
				"CODE_SIGN_IDENTITY[sdk=iphoneos*]" = "iPhone Developer";
				COPY_PHASE_STRIP = YES;
				GCC_C_LANGUAGE_STANDARD = gnu99;
				GCC_WARN_ABOUT_RETURN_TYPE = YES;
				GCC_WARN_UNINITIALIZED_AUTOS = YES;
				GCC_WARN_UNUSED_VARIABLE = YES;
				HEADER_SEARCH_PATHS = "\"$(SRCROOT)/Google Protocol Buffers\"";
				IPHONEOS_DEPLOYMENT_TARGET = 7.0;
				OTHER_CFLAGS = "-DNS_BLOCK_ASSERTIONS=1";
				SDKROOT = iphoneos;
				VALIDATE_PRODUCT = YES;
			};
			name = Release;
		};
		163DD45817DA3E1700AA4C3A /* Debug */ = {
			isa = XCBuildConfiguration;
			buildSettings = {
				FRAMEWORK_SEARCH_PATHS = (
					"$(inherited)",
					"\"$(SRCROOT)\"",
				);
				GCC_PRECOMPILE_PREFIX_HEADER = YES;
				GCC_PREFIX_HEADER = "EECS441P1/WeWrite-Prefix.pch";
				INFOPLIST_FILE = "EECS441P1/WeWrite-Info.plist";
				PRODUCT_NAME = WeWrite;
				WRAPPER_EXTENSION = app;
			};
			name = Debug;
		};
		163DD45917DA3E1700AA4C3A /* Release */ = {
			isa = XCBuildConfiguration;
			buildSettings = {
				FRAMEWORK_SEARCH_PATHS = (
					"$(inherited)",
					"\"$(SRCROOT)\"",
				);
				GCC_PRECOMPILE_PREFIX_HEADER = YES;
				GCC_PREFIX_HEADER = "EECS441P1/WeWrite-Prefix.pch";
				INFOPLIST_FILE = "EECS441P1/WeWrite-Info.plist";
				PRODUCT_NAME = WeWrite;
				WRAPPER_EXTENSION = app;
			};
			name = Release;
		};
		163DD45B17DA3E1700AA4C3A /* Debug */ = {
			isa = XCBuildConfiguration;
			buildSettings = {
				BUNDLE_LOADER = "$(BUILT_PRODUCTS_DIR)/EECS441P1.app/EECS441P1";
				FRAMEWORK_SEARCH_PATHS = (
					"\"$(SDKROOT)/Developer/Library/Frameworks\"",
					"\"$(DEVELOPER_LIBRARY_DIR)/Frameworks\"",
				);
				GCC_PRECOMPILE_PREFIX_HEADER = YES;
				GCC_PREFIX_HEADER = "EECS441P1/EECS441P1-Prefix.pch";
				INFOPLIST_FILE = "EECS441P1Tests/WeWriteTests-Info.plist";
				PRODUCT_NAME = WeWriteTests;
				TEST_HOST = "$(BUNDLE_LOADER)";
				WRAPPER_EXTENSION = octest;
			};
			name = Debug;
		};
		163DD45C17DA3E1700AA4C3A /* Release */ = {
			isa = XCBuildConfiguration;
			buildSettings = {
				BUNDLE_LOADER = "$(BUILT_PRODUCTS_DIR)/EECS441P1.app/EECS441P1";
				FRAMEWORK_SEARCH_PATHS = (
					"\"$(SDKROOT)/Developer/Library/Frameworks\"",
					"\"$(DEVELOPER_LIBRARY_DIR)/Frameworks\"",
				);
				GCC_PRECOMPILE_PREFIX_HEADER = YES;
				GCC_PREFIX_HEADER = "EECS441P1/EECS441P1-Prefix.pch";
				INFOPLIST_FILE = "EECS441P1Tests/WeWriteTests-Info.plist";
				PRODUCT_NAME = WeWriteTests;
				TEST_HOST = "$(BUNDLE_LOADER)";
				WRAPPER_EXTENSION = octest;
			};
			name = Release;
		};
/* End XCBuildConfiguration section */

/* Begin XCConfigurationList section */
		163DD41A17DA3E1700AA4C3A /* Build configuration list for PBXProject "WeWrite" */ = {
			isa = XCConfigurationList;
			buildConfigurations = (
				163DD45517DA3E1700AA4C3A /* Debug */,
				163DD45617DA3E1700AA4C3A /* Release */,
			);
			defaultConfigurationIsVisible = 0;
			defaultConfigurationName = Release;
		};
		163DD45717DA3E1700AA4C3A /* Build configuration list for PBXNativeTarget "WeWrite" */ = {
			isa = XCConfigurationList;
			buildConfigurations = (
				163DD45817DA3E1700AA4C3A /* Debug */,
				163DD45917DA3E1700AA4C3A /* Release */,
			);
			defaultConfigurationIsVisible = 0;
			defaultConfigurationName = Release;
		};
		163DD45A17DA3E1700AA4C3A /* Build configuration list for PBXNativeTarget "WeWriteTests" */ = {
			isa = XCConfigurationList;
			buildConfigurations = (
				163DD45B17DA3E1700AA4C3A /* Debug */,
				163DD45C17DA3E1700AA4C3A /* Release */,
			);
			defaultConfigurationIsVisible = 0;
			defaultConfigurationName = Release;
		};
/* End XCConfigurationList section */
	};
	rootObject = 163DD41717DA3E1700AA4C3A /* Project object */;
}
